{
   "name": "OutFlux",
   "version": "1.0.0-a1",
   "lockfileVersion": 1,
   "requires": true,
   "dependencies": {
      "base64-js": {
         "version": "1.2.1",
         "resolved": "https://registry.npmjs.org/base64-js/-/base64-js-1.2.1.tgz",
         "integrity": "sha512-dwVUVIXsBZXwTuwnXI9RK8sBmgq09NDHzyR9SAph9eqk76gKK2JSQmZARC2zRC81JC2QTtxD0ARU5qTS25gIGw=="
      },
      "jsmediatags": {
         "version": "3.6.2",
         "resolved": "https://registry.npmjs.org/jsmediatags/-/jsmediatags-3.6.2.tgz",
         "integrity": "sha512-TRZbzKzWLKtX/+xha9x7ar2wyn/HRZFzpfJ3t36XptZTjl949WwGz+oLlFsdwvMa5E1cHX9nwpnbaBQVf3BUfQ==",
         "requires": {
            "xhr2": "0.1.4"
         }
      },
      "xhr2": {
         "version": "0.1.4",
         "resolved": "https://registry.npmjs.org/xhr2/-/xhr2-0.1.4.tgz",
         "integrity": "sha1-f4dliEdxbbUCYyOBL4GMras4el8="
      }
   }
}
